<?xml version="1.0" encoding="utf-8"?>
<Project ToolsVersion="4.0" xmlns="http://schemas.microsoft.com/developer/msbuild/2003">
  <ItemGroup>
    <Filter Include="Engine">
      <UniqueIdentifier>{DBC7D3B0-C769-FE86-B024-12DB9C6585D7}</UniqueIdentifier>
    </Filter>
    <Filter Include="Engine\Application">
      <UniqueIdentifier>{1EA4C00C-0A88-8162-73E8-7BB55FEB6BE4}</UniqueIdentifier>
    </Filter>
    <Filter Include="Engine\Core">
      <UniqueIdentifier>{130D9B61-7FC2-1357-08B7-0D2E746B0A5B}</UniqueIdentifier>
    </Filter>
    <Filter Include="Engine\Core\MathTypes">
      <UniqueIdentifier>{6163F120-CDCF-AC1B-96C3-447902EFCE83}</UniqueIdentifier>
    </Filter>
    <Filter Include="Engine\Event">
      <UniqueIdentifier>{6C812495-58E4-B339-016A-ECEFEDAB7FBC}</UniqueIdentifier>
    </Filter>
  </ItemGroup>
  <ItemGroup>
    <ClInclude Include="Application\Application.h">
      <Filter>Engine\Application</Filter>
    </ClInclude>
    <ClInclude Include="Application\EntryPoint.h">
      <Filter>Engine\Application</Filter>
    </ClInclude>
    <ClInclude Include="Core\Core.h">
      <Filter>Engine\Core</Filter>
    </ClInclude>
    <ClInclude Include="Core\CoreTypes.h">
      <Filter>Engine\Core</Filter>
    </ClInclude>
    <ClInclude Include="Core\EngineTypes.h">
      <Filter>Engine\Core</Filter>
    </ClInclude>
    <ClInclude Include="Core\MathTypes\AABB3D.h">
      <Filter>Engine\Core\MathTypes</Filter>
    </ClInclude>
    <ClInclude Include="Core\MathTypes\Curve.h">
      <Filter>Engine\Core\MathTypes</Filter>
    </ClInclude>
    <ClInclude Include="Core\MathTypes\EngineMath.h">
      <Filter>Engine\Core\MathTypes</Filter>
    </ClInclude>
    <ClInclude Include="Core\MathTypes\EngineMathSSE.h">
      <Filter>Engine\Core\MathTypes</Filter>
    </ClInclude>
    <ClInclude Include="Core\MathTypes\Intersection.h">
      <Filter>Engine\Core\MathTypes</Filter>
    </ClInclude>
    <ClInclude Include="Core\MathTypes\Line.h">
      <Filter>Engine\Core\MathTypes</Filter>
    </ClInclude>
    <ClInclude Include="Core\MathTypes\LineVolume.h">
      <Filter>Engine\Core\MathTypes</Filter>
    </ClInclude>
    <ClInclude Include="Core\MathTypes\Matrix.h">
      <Filter>Engine\Core\MathTypes</Filter>
    </ClInclude>
    <ClInclude Include="Core\MathTypes\Matrix3x3.h">
      <Filter>Engine\Core\MathTypes</Filter>
    </ClInclude>
    <ClInclude Include="Core\MathTypes\Matrix4x4.h">
      <Filter>Engine\Core\MathTypes</Filter>
    </ClInclude>
    <ClInclude Include="Core\MathTypes\Plane.h">
      <Filter>Engine\Core\MathTypes</Filter>
    </ClInclude>
    <ClInclude Include="Core\MathTypes\PlaneVolume.h">
      <Filter>Engine\Core\MathTypes</Filter>
    </ClInclude>
    <ClInclude Include="Core\MathTypes\Quaternion.h">
      <Filter>Engine\Core\MathTypes</Filter>
    </ClInclude>
    <ClInclude Include="Core\MathTypes\Ray.h">
      <Filter>Engine\Core\MathTypes</Filter>
    </ClInclude>
    <ClInclude Include="Core\MathTypes\Rotator.h">
      <Filter>Engine\Core\MathTypes</Filter>
    </ClInclude>
    <ClInclude Include="Core\MathTypes\Sphere.h">
      <Filter>Engine\Core\MathTypes</Filter>
    </ClInclude>
    <ClInclude Include="Core\MathTypes\Vector.h">
      <Filter>Engine\Core\MathTypes</Filter>
    </ClInclude>
    <ClInclude Include="Core\WindowsInclude.h">
      <Filter>Engine\Core</Filter>
    </ClInclude>
    <ClInclude Include="Event\ApplicationEvent.h">
      <Filter>Engine\Event</Filter>
    </ClInclude>
    <ClInclude Include="Event\Event.h">
      <Filter>Engine\Event</Filter>
    </ClInclude>
    <ClInclude Include="Event\KeyEvent.h">
      <Filter>Engine\Event</Filter>
    </ClInclude>
    <ClInclude Include="Event\MouseEvent.h">
      <Filter>Engine\Event</Filter>
    </ClInclude>
    <ClInclude Include="Havtorn.h">
      <Filter>Engine</Filter>
    </ClInclude>
    <ClInclude Include="Log.h">
      <Filter>Engine</Filter>
    </ClInclude>
  </ItemGroup>
  <ItemGroup>
    <ClCompile Include="Application\Application.cpp">
      <Filter>Engine\Application</Filter>
    </ClCompile>
    <ClCompile Include="Log.cpp">
      <Filter>Engine</Filter>
    </ClCompile>
  </ItemGroup>
</Project>