<?xml version="1.0" encoding="utf-8"?>
<Project ToolsVersion="4.0" xmlns="http://schemas.microsoft.com/developer/msbuild/2003">
  <ItemGroup>
    <Filter Include="Engine">
      <UniqueIdentifier>{DBC7D3B0-C769-FE86-B024-12DB9C6585D7}</UniqueIdentifier>
    </Filter>
    <Filter Include="Engine\Application">
      <UniqueIdentifier>{1EA4C00C-0A88-8162-73E8-7BB55FEB6BE4}</UniqueIdentifier>
    </Filter>
    <Filter Include="Engine\Core">
      <UniqueIdentifier>{130D9B61-7FC2-1357-08B7-0D2E746B0A5B}</UniqueIdentifier>
    </Filter>
  </ItemGroup>
  <ItemGroup>
    <ClInclude Include="Application\Application.h">
      <Filter>Engine\Application</Filter>
    </ClInclude>
    <ClInclude Include="Application\EntryPoint.h">
      <Filter>Engine\Application</Filter>
    </ClInclude>
    <ClInclude Include="Core\Core.h">
      <Filter>Engine\Core</Filter>
    </ClInclude>
    <ClInclude Include="Core\CoreTypes.h">
      <Filter>Engine\Core</Filter>
    </ClInclude>
    <ClInclude Include="Core\EngineMath.h">
      <Filter>Engine\Core</Filter>
    </ClInclude>
    <ClInclude Include="Core\EngineMathSSE.h">
      <Filter>Engine\Core</Filter>
    </ClInclude>
    <ClInclude Include="Core\EngineTypes.h">
      <Filter>Engine\Core</Filter>
    </ClInclude>
    <ClInclude Include="Core\Matrix.h">
      <Filter>Engine\Core</Filter>
    </ClInclude>
    <ClInclude Include="Core\Quaternion.h">
      <Filter>Engine\Core</Filter>
    </ClInclude>
    <ClInclude Include="Core\Rotator.h">
      <Filter>Engine\Core</Filter>
    </ClInclude>
    <ClInclude Include="Core\Vector.h">
      <Filter>Engine\Core</Filter>
    </ClInclude>
    <ClInclude Include="Core\WindowsInclude.h">
      <Filter>Engine\Core</Filter>
    </ClInclude>
    <ClInclude Include="Log.h">
      <Filter>Engine</Filter>
    </ClInclude>
    <ClInclude Include="NewEngine.h">
      <Filter>Engine</Filter>
    </ClInclude>
  </ItemGroup>
  <ItemGroup>
    <ClCompile Include="Application\Application.cpp">
      <Filter>Engine\Application</Filter>
    </ClCompile>
    <ClCompile Include="Log.cpp">
      <Filter>Engine</Filter>
    </ClCompile>
    <ClCompile Include="Core\EngineMath.cpp" />
  </ItemGroup>
</Project>